{
  "name": "aimmod-gameface-panel-tool",
  "lockfileVersion": 3,
  "requires": true,
  "packages": {
    "": {
      "name": "aimmod-gameface-panel-tool",
      "dependencies": {
        "aimmod": "file:../..",
        "ws": "8.18.3"
      }
    },
    "../..": {
      "name": "aimmod",
      "version": "1.0.0",
      "dependencies": {
        "@phosphor-icons/react": "^2.1.10",
        "@tauri-apps/api": "^2",
        "@tauri-apps/plugin-dialog": "^2.7.3",
        "@tauri-apps/plugin-process": "^2",
        "@tauri-apps/plugin-store": "^2",
        "@tauri-apps/plugin-updater": "^2",
        "framer-motion": "^11",
        "react": "^18",
        "react-dom": "^18",
        "react-markdown": "^10.1.0",
        "recharts": "^2",
        "remark-gfm": "^4.0.1"
      },
      "devDependencies": {
        "@tailwindcss/vite": "^4.2.1",
        "@tauri-apps/cli": "2.10.0",
        "@types/react": "^18",
        "@types/react-dom": "^18",
        "@vitejs/plugin-react": "^4",
        "autoprefixer": "^10",
        "postcss": "^8",
        "tailwindcss": "^4.2.1",
        "typescript": "^5",
        "vite": "^5"
      }
    },
    "node_modules/aimmod": {
      "resolved": "../..",
      "link": true
    },
    "node_modules/ws": {
      "version": "8.18.3",
      "resolved": "https://registry.npmjs.org/ws/-/ws-8.18.3.tgz",
      "integrity": "sha512-PEIGCY5tSlUt50cqyMXfCzX+oOPqN0vuGqWzbcJ2xvnkzkq46oOpz7dQaTDBdfICb4N14+GARUDw2XV2N4tvzg==",
      "license": "MIT",
      "engines": {
        "node": ">=10.0.0"
      },
      "peerDependencies": {
        "bufferutil": "^4.0.1",
        "utf-8-validate": ">=5.0.2"
      },
      "peerDependenciesMeta": {
        "bufferutil": {
          "optional": true
        },
        "utf-8-validate": {
          "optional": true
        }
      }
    }
  }
}
